// !$*UTF8*$!
{
	archiveVersion = 1;
	classes = {
	};
	objectVersion = 55;
	objects = {

/* Begin PBXBuildFile section */
		D035300227D64CE200B348B6 /* AppDelegate.swift in Sources */ = {isa = PBXBuildFile; fileRef = D035300127D64CE200B348B6 /* AppDelegate.swift */; };
		D035300427D64CE200B348B6 /* GameScene.sks in Resources */ = {isa = PBXBuildFile; fileRef = D035300327D64CE200B348B6 /* GameScene.sks */; };
		D035300827D64CE200B348B6 /* GameScene.swift in Sources */ = {isa = PBXBuildFile; fileRef = D035300727D64CE200B348B6 /* GameScene.swift */; };
		D035300A27D64CE200B348B6 /* GameViewController.swift in Sources */ = {isa = PBXBuildFile; fileRef = D035300927D64CE200B348B6 /* GameViewController.swift */; };
		D035300D27D64CE200B348B6 /* Main.storyboard in Resources */ = {isa = PBXBuildFile; fileRef = D035300B27D64CE200B348B6 /* Main.storyboard */; };
		D035300F27D64CE300B348B6 /* Assets.xcassets in Resources */ = {isa = PBXBuildFile; fileRef = D035300E27D64CE300B348B6 /* Assets.xcassets */; };
		D035301227D64CE300B348B6 /* LaunchScreen.storyboard in Resources */ = {isa = PBXBuildFile; fileRef = D035301027D64CE300B348B6 /* LaunchScreen.storyboard */; };
		D035303527D64E7F00B348B6 /* ballGrey.png in Resources */ = {isa = PBXBuildFile; fileRef = D035301927D64E7F00B348B6 /* ballGrey.png */; };
		D035303627D64E7F00B348B6 /* FireParticles.sks in Resources */ = {isa = PBXBuildFile; fileRef = D035301A27D64E7F00B348B6 /* FireParticles.sks */; };
		D035303727D64E7F00B348B6 /* ballBlue@2x.png in Resources */ = {isa = PBXBuildFile; fileRef = D035301B27D64E7F00B348B6 /* ballBlue@2x.png */; };
		D035303827D64E7F00B348B6 /* slotGlowBad@2x.png in Resources */ = {isa = PBXBuildFile; fileRef = D035301C27D64E7F00B348B6 /* slotGlowBad@2x.png */; };
		D035303927D64E7F00B348B6 /* ballPurple.png in Resources */ = {isa = PBXBuildFile; fileRef = D035301D27D64E7F00B348B6 /* ballPurple.png */; };
		D035303A27D64E7F00B348B6 /* ballYellow@2x.png in Resources */ = {isa = PBXBuildFile; fileRef = D035301E27D64E7F00B348B6 /* ballYellow@2x.png */; };
		D035303B27D64E7F00B348B6 /* ballRed.png in Resources */ = {isa = PBXBuildFile; fileRef = D035301F27D64E7F00B348B6 /* ballRed.png */; };
		D035303C27D64E7F00B348B6 /* slotBaseGood@2x.png in Resources */ = {isa = PBXBuildFile; fileRef = D035302027D64E7F00B348B6 /* slotBaseGood@2x.png */; };
		D035303D27D64E7F00B348B6 /* ballPurple@2x.png in Resources */ = {isa = PBXBuildFile; fileRef = D035302127D64E7F00B348B6 /* ballPurple@2x.png */; };
		D035303E27D64E7F00B348B6 /* slotBaseBad.png in Resources */ = {isa = PBXBuildFile; fileRef = D035302227D64E7F00B348B6 /* slotBaseBad.png */; };
		D035303F27D64E7F00B348B6 /* slotBaseBad@2x.png in Resources */ = {isa = PBXBuildFile; fileRef = D035302327D64E7F00B348B6 /* slotBaseBad@2x.png */; };
		D035304027D64E7F00B348B6 /* ballGrey@2x.png in Resources */ = {isa = PBXBuildFile; fileRef = D035302427D64E7F00B348B6 /* ballGrey@2x.png */; };
		D035304127D64E7F00B348B6 /* spark.png in Resources */ = {isa = PBXBuildFile; fileRef = D035302527D64E7F00B348B6 /* spark.png */; };
		D035304227D64E7F00B348B6 /* bouncer@2x.png in Resources */ = {isa = PBXBuildFile; fileRef = D035302627D64E7F00B348B6 /* bouncer@2x.png */; };
		D035304327D64E7F00B348B6 /* slotGlowGood.png in Resources */ = {isa = PBXBuildFile; fileRef = D035302727D64E7F00B348B6 /* slotGlowGood.png */; };
		D035304427D64E7F00B348B6 /* slotGlowGood@2x.png in Resources */ = {isa = PBXBuildFile; fileRef = D035302827D64E7F00B348B6 /* slotGlowGood@2x.png */; };
		D035304527D64E7F00B348B6 /* slotBaseGood.png in Resources */ = {isa = PBXBuildFile; fileRef = D035302927D64E7F00B348B6 /* slotBaseGood.png */; };
		D035304627D64E7F00B348B6 /* background.jpg in Resources */ = {isa = PBXBuildFile; fileRef = D035302A27D64E7F00B348B6 /* background.jpg */; };
		D035304727D64E7F00B348B6 /* ballCyan.png in Resources */ = {isa = PBXBuildFile; fileRef = D035302B27D64E7F00B348B6 /* ballCyan.png */; };
		D035304827D64E7F00B348B6 /* ballRed@2x.png in Resources */ = {isa = PBXBuildFile; fileRef = D035302C27D64E7F00B348B6 /* ballRed@2x.png */; };
		D035304927D64E7F00B348B6 /* slotGlowBad.png in Resources */ = {isa = PBXBuildFile; fileRef = D035302D27D64E7F00B348B6 /* slotGlowBad.png */; };
		D035304A27D64E7F00B348B6 /* ballCyan@2x.png in Resources */ = {isa = PBXBuildFile; fileRef = D035302E27D64E7F00B348B6 /* ballCyan@2x.png */; };
		D035304B27D64E7F00B348B6 /* ballYellow.png in Resources */ = {isa = PBXBuildFile; fileRef = D035302F27D64E7F00B348B6 /* ballYellow.png */; };
		D035304C27D64E7F00B348B6 /* background@2x.jpg in Resources */ = {isa = PBXBuildFile; fileRef = D035303027D64E7F00B348B6 /* background@2x.jpg */; };
		D035304D27D64E7F00B348B6 /* ballGreen@2x.png in Resources */ = {isa = PBXBuildFile; fileRef = D035303127D64E7F00B348B6 /* ballGreen@2x.png */; };
		D035304E27D64E7F00B348B6 /* ballGreen.png in Resources */ = {isa = PBXBuildFile; fileRef = D035303227D64E7F00B348B6 /* ballGreen.png */; };
		D035304F27D64E7F00B348B6 /* bouncer.png in Resources */ = {isa = PBXBuildFile; fileRef = D035303327D64E7F00B348B6 /* bouncer.png */; };
		D035305027D64E7F00B348B6 /* ballBlue.png in Resources */ = {isa = PBXBuildFile; fileRef = D035303427D64E7F00B348B6 /* ballBlue.png */; };
/* End PBXBuildFile section */

/* Begin PBXFileReference section */
		D0352FFE27D64CE200B348B6 /* Project11.app */ = {isa = PBXFileReference; explicitFileType = wrapper.application; includeInIndex = 0; path = Project11.app; sourceTree = BUILT_PRODUCTS_DIR; };
		D035300127D64CE200B348B6 /* AppDelegate.swift */ = {isa = PBXFileReference; lastKnownFileType = sourcecode.swift; path = AppDelegate.swift; sourceTree = "<group>"; };
		D035300327D64CE200B348B6 /* GameScene.sks */ = {isa = PBXFileReference; lastKnownFileType = file.sks; path = GameScene.sks; sourceTree = "<group>"; };
		D035300727D64CE200B348B6 /* GameScene.swift */ = {isa = PBXFileReference; lastKnownFileType = sourcecode.swift; path = GameScene.swift; sourceTree = "<group>"; };
		D035300927D64CE200B348B6 /* GameViewController.swift */ = {isa = PBXFileReference; lastKnownFileType = sourcecode.swift; path = GameViewController.swift; sourceTree = "<group>"; };
		D035300C27D64CE200B348B6 /* Base */ = {isa = PBXFileReference; lastKnownFileType = file.storyboard; name = Base; path = Base.lproj/Main.storyboard; sourceTree = "<group>"; };
		D035300E27D64CE300B348B6 /* Assets.xcassets */ = {isa = PBXFileReference; lastKnownFileType = folder.assetcatalog; path = Assets.xcassets; sourceTree = "<group>"; };
		D035301127D64CE300B348B6 /* Base */ = {isa = PBXFileReference; lastKnownFileType = file.storyboard; name = Base; path = Base.lproj/LaunchScreen.storyboard; sourceTree = "<group>"; };
		D035301927D64E7F00B348B6 /* ballGrey.png */ = {isa = PBXFileReference; lastKnownFileType = image.png; path = ballGrey.png; sourceTree = "<group>"; };
		D035301A27D64E7F00B348B6 /* FireParticles.sks */ = {isa = PBXFileReference; lastKnownFileType = file.sks; path = FireParticles.sks; sourceTree = "<group>"; };
		D035301B27D64E7F00B348B6 /* ballBlue@2x.png */ = {isa = PBXFileReference; lastKnownFileType = image.png; path = "ballBlue@2x.png"; sourceTree = "<group>"; };
		D035301C27D64E7F00B348B6 /* slotGlowBad@2x.png */ = {isa = PBXFileReference; lastKnownFileType = image.png; path = "slotGlowBad@2x.png"; sourceTree = "<group>"; };
		D035301D27D64E7F00B348B6 /* ballPurple.png */ = {isa = PBXFileReference; lastKnownFileType = image.png; path = ballPurple.png; sourceTree = "<group>"; };
		D035301E27D64E7F00B348B6 /* ballYellow@2x.png */ = {isa = PBXFileReference; lastKnownFileType = image.png; path = "ballYellow@2x.png"; sourceTree = "<group>"; };
		D035301F27D64E7F00B348B6 /* ballRed.png */ = {isa = PBXFileReference; lastKnownFileType = image.png; path = ballRed.png; sourceTree = "<group>"; };
		D035302027D64E7F00B348B6 /* slotBaseGood@2x.png */ = {isa = PBXFileReference; lastKnownFileType = image.png; path = "slotBaseGood@2x.png"; sourceTree = "<group>"; };
		D035302127D64E7F00B348B6 /* ballPurple@2x.png */ = {isa = PBXFileReference; lastKnownFileType = image.png; path = "ballPurple@2x.png"; sourceTree = "<group>"; };
		D035302227D64E7F00B348B6 /* slotBaseBad.png */ = {isa = PBXFileReference; lastKnownFileType = image.png; path = slotBaseBad.png; sourceTree = "<group>"; };
		D035302327D64E7F00B348B6 /* slotBaseBad@2x.png */ = {isa = PBXFileReference; lastKnownFileType = image.png; path = "slotBaseBad@2x.png"; sourceTree = "<group>"; };
		D035302427D64E7F00B348B6 /* ballGrey@2x.png */ = {isa = PBXFileReference; lastKnownFileType = image.png; path = "ballGrey@2x.png"; sourceTree = "<group>"; };
		D035302527D64E7F00B348B6 /* spark.png */ = {isa = PBXFileReference; lastKnownFileType = image.png; path = spark.png; sourceTree = "<group>"; };
		D035302627D64E7F00B348B6 /* bouncer@2x.png */ = {isa = PBXFileReference; lastKnownFileType = image.png; path = "bouncer@2x.png"; sourceTree = "<group>"; };
		D035302727D64E7F00B348B6 /* slotGlowGood.png */ = {isa = PBXFileReference; lastKnownFileType = image.png; path = slotGlowGood.png; sourceTree = "<group>"; };
		D035302827D64E7F00B348B6 /* slotGlowGood@2x.png */ = {isa = PBXFileReference; lastKnownFileType = image.png; path = "slotGlowGood@2x.png"; sourceTree = "<group>"; };
		D035302927D64E7F00B348B6 /* slotBaseGood.png */ = {isa = PBXFileReference; lastKnownFileType = image.png; path = slotBaseGood.png; sourceTree = "<group>"; };
		D035302A27D64E7F00B348B6 /* background.jpg */ = {isa = PBXFileReference; lastKnownFileType = image.jpeg; path = background.jpg; sourceTree = "<group>"; };
		D035302B27D64E7F00B348B6 /* ballCyan.png */ = {isa = PBXFileReference; lastKnownFileType = image.png; path = ballCyan.png; sourceTree = "<group>"; };
		D035302C27D64E7F00B348B6 /* ballRed@2x.png */ = {isa = PBXFileReference; lastKnownFileType = image.png; path = "ballRed@2x.png"; sourceTree = "<group>"; };
		D035302D27D64E7F00B348B6 /* slotGlowBad.png */ = {isa = PBXFileReference; lastKnownFileType = image.png; path = slotGlowBad.png; sourceTree = "<group>"; };
		D035302E27D64E7F00B348B6 /* ballCyan@2x.png */ = {isa = PBXFileReference; lastKnownFileType = image.png; path = "ballCyan@2x.png"; sourceTree = "<group>"; };
		D035302F27D64E7F00B348B6 /* ballYellow.png */ = {isa = PBXFileReference; lastKnownFileType = image.png; path = ballYellow.png; sourceTree = "<group>"; };
		D035303027D64E7F00B348B6 /* background@2x.jpg */ = {isa = PBXFileReference; lastKnownFileType = image.jpeg; path = "background@2x.jpg"; sourceTree = "<group>"; };
		D035303127D64E7F00B348B6 /* ballGreen@2x.png */ = {isa = PBXFileReference; lastKnownFileType = image.png; path = "ballGreen@2x.png"; sourceTree = "<group>"; };
		D035303227D64E7F00B348B6 /* ballGreen.png */ = {isa = PBXFileReference; lastKnownFileType = image.png; path = ballGreen.png; sourceTree = "<group>"; };
		D035303327D64E7F00B348B6 /* bouncer.png */ = {isa = PBXFileReference; lastKnownFileType = image.png; path = bouncer.png; sourceTree = "<group>"; };
		D035303427D64E7F00B348B6 /* ballBlue.png */ = {isa = PBXFileReference; lastKnownFileType = image.png; path = ballBlue.png; sourceTree = "<group>"; };
/* End PBXFileReference section */

/* Begin PBXFrameworksBuildPhase section */
		D0352FFB27D64CE200B348B6 /* Frameworks */ = {
			isa = PBXFrameworksBuildPhase;
			buildActionMask = 2147483647;
			files = (
			);
			runOnlyForDeploymentPostprocessing = 0;
		};
/* End PBXFrameworksBuildPhase section */

/* Begin PBXGroup section */
		D0352FF527D64CE200B348B6 = {
			isa = PBXGroup;
			children = (
				D035300027D64CE200B348B6 /* Project11 */,
				D0352FFF27D64CE200B348B6 /* Products */,
			);
			sourceTree = "<group>";
		};
		D0352FFF27D64CE200B348B6 /* Products */ = {
			isa = PBXGroup;
			children = (
				D0352FFE27D64CE200B348B6 /* Project11.app */,
			);
			name = Products;
			sourceTree = "<group>";
		};
		D035300027D64CE200B348B6 /* Project11 */ = {
			isa = PBXGroup;
			children = (
				D035300127D64CE200B348B6 /* AppDelegate.swift */,
				D035300327D64CE200B348B6 /* GameScene.sks */,
				D035300727D64CE200B348B6 /* GameScene.swift */,
				D035300927D64CE200B348B6 /* GameViewController.swift */,
				D035300B27D64CE200B348B6 /* Main.storyboard */,
				D035300E27D64CE300B348B6 /* Assets.xcassets */,
				D035301027D64CE300B348B6 /* LaunchScreen.storyboard */,
				D035301827D64E7F00B348B6 /* Content */,
			);
			path = Project11;
			sourceTree = "<group>";
		};
		D035301827D64E7F00B348B6 /* Content */ = {
			isa = PBXGroup;
			children = (
				D035301927D64E7F00B348B6 /* ballGrey.png */,
				D035301A27D64E7F00B348B6 /* FireParticles.sks */,
				D035301B27D64E7F00B348B6 /* ballBlue@2x.png */,
				D035301C27D64E7F00B348B6 /* slotGlowBad@2x.png */,
				D035301D27D64E7F00B348B6 /* ballPurple.png */,
				D035301E27D64E7F00B348B6 /* ballYellow@2x.png */,
				D035301F27D64E7F00B348B6 /* ballRed.png */,
				D035302027D64E7F00B348B6 /* slotBaseGood@2x.png */,
				D035302127D64E7F00B348B6 /* ballPurple@2x.png */,
				D035302227D64E7F00B348B6 /* slotBaseBad.png */,
				D035302327D64E7F00B348B6 /* slotBaseBad@2x.png */,
				D035302427D64E7F00B348B6 /* ballGrey@2x.png */,
				D035302527D64E7F00B348B6 /* spark.png */,
				D035302627D64E7F00B348B6 /* bouncer@2x.png */,
				D035302727D64E7F00B348B6 /* slotGlowGood.png */,
				D035302827D64E7F00B348B6 /* slotGlowGood@2x.png */,
				D035302927D64E7F00B348B6 /* slotBaseGood.png */,
				D035302A27D64E7F00B348B6 /* background.jpg */,
				D035302B27D64E7F00B348B6 /* ballCyan.png */,
				D035302C27D64E7F00B348B6 /* ballRed@2x.png */,
				D035302D27D64E7F00B348B6 /* slotGlowBad.png */,
				D035302E27D64E7F00B348B6 /* ballCyan@2x.png */,
				D035302F27D64E7F00B348B6 /* ballYellow.png */,
				D035303027D64E7F00B348B6 /* background@2x.jpg */,
				D035303127D64E7F00B348B6 /* ballGreen@2x.png */,
				D035303227D64E7F00B348B6 /* ballGreen.png */,
				D035303327D64E7F00B348B6 /* bouncer.png */,
				D035303427D64E7F00B348B6 /* ballBlue.png */,
			);
			path = Content;
			sourceTree = "<group>";
		};
/* End PBXGroup section */

/* Begin PBXNativeTarget section */
		D0352FFD27D64CE200B348B6 /* Project11 */ = {
			isa = PBXNativeTarget;
			buildConfigurationList = D035301527D64CE300B348B6 /* Build configuration list for PBXNativeTarget "Project11" */;
			buildPhases = (
				D0352FFA27D64CE200B348B6 /* Sources */,
				D0352FFB27D64CE200B348B6 /* Frameworks */,
				D0352FFC27D64CE200B348B6 /* Resources */,
			);
			buildRules = (
			);
			dependencies = (
			);
			name = Project11;
			productName = Project11;
			productReference = D0352FFE27D64CE200B348B6 /* Project11.app */;
			productType = "com.apple.product-type.application";
		};
/* End PBXNativeTarget section */

/* Begin PBXProject section */
		D0352FF627D64CE200B348B6 /* Project object */ = {
			isa = PBXProject;
			attributes = {
				BuildIndependentTargetsInParallel = 1;
				LastSwiftUpdateCheck = 1320;
				LastUpgradeCheck = 1320;
				TargetAttributes = {
					D0352FFD27D64CE200B348B6 = {
						CreatedOnToolsVersion = 13.2.1;
					};
				};
			};
			buildConfigurationList = D0352FF927D64CE200B348B6 /* Build configuration list for PBXProject "Project11" */;
			compatibilityVersion = "Xcode 13.0";
			developmentRegion = en;
			hasScannedForEncodings = 0;
			knownRegions = (
				en,
				Base,
			);
			mainGroup = D0352FF527D64CE200B348B6;
			productRefGroup = D0352FFF27D64CE200B348B6 /* Products */;
			projectDirPath = "";
			projectRoot = "";
			targets = (
				D0352FFD27D64CE200B348B6 /* Project11 */,
			);
		};
/* End PBXProject section */

/* Begin PBXResourcesBuildPhase section */
		D0352FFC27D64CE200B348B6 /* Resources */ = {
			isa = PBXResourcesBuildPhase;
			buildActionMask = 2147483647;
			files = (
				D035304427D64E7F00B348B6 /* slotGlowGood@2x.png in Resources */,
				D035304927D64E7F00B348B6 /* slotGlowBad.png in Resources */,
				D035305027D64E7F00B348B6 /* ballBlue.png in Resources */,
				D035304827D64E7F00B348B6 /* ballRed@2x.png in Resources */,
				D035303727D64E7F00B348B6 /* ballBlue@2x.png in Resources */,
				D035304F27D64E7F00B348B6 /* bouncer.png in Resources */,
				D035303827D64E7F00B348B6 /* slotGlowBad@2x.png in Resources */,
				D035300D27D64CE200B348B6 /* Main.storyboard in Resources */,
				D035303D27D64E7F00B348B6 /* ballPurple@2x.png in Resources */,
				D035303B27D64E7F00B348B6 /* ballRed.png in Resources */,
				D035303F27D64E7F00B348B6 /* slotBaseBad@2x.png in Resources */,
				D035304B27D64E7F00B348B6 /* ballYellow.png in Resources */,
				D035304E27D64E7F00B348B6 /* ballGreen.png in Resources */,
				D035304C27D64E7F00B348B6 /* background@2x.jpg in Resources */,
				D035303527D64E7F00B348B6 /* ballGrey.png in Resources */,
				D035304D27D64E7F00B348B6 /* ballGreen@2x.png in Resources */,
				D035303927D64E7F00B348B6 /* ballPurple.png in Resources */,
				D035304627D64E7F00B348B6 /* background.jpg in Resources */,
				D035304327D64E7F00B348B6 /* slotGlowGood.png in Resources */,
				D035303A27D64E7F00B348B6 /* ballYellow@2x.png in Resources */,
				D035304A27D64E7F00B348B6 /* ballCyan@2x.png in Resources */,
				D035304227D64E7F00B348B6 /* bouncer@2x.png in Resources */,
				D035303E27D64E7F00B348B6 /* slotBaseBad.png in Resources */,
				D035300427D64CE200B348B6 /* GameScene.sks in Resources */,
				D035304727D64E7F00B348B6 /* ballCyan.png in Resources */,
				D035303627D64E7F00B348B6 /* FireParticles.sks in Resources */,
				D035300F27D64CE300B348B6 /* Assets.xcassets in Resources */,
				D035303C27D64E7F00B348B6 /* slotBaseGood@2x.png in Resources */,
				D035304027D64E7F00B348B6 /* ballGrey@2x.png in Resources */,
				D035301227D64CE300B348B6 /* LaunchScreen.storyboard in Resources */,
				D035304127D64E7F00B348B6 /* spark.png in Resources */,
				D035304527D64E7F00B348B6 /* slotBaseGood.png in Resources */,
			);
			runOnlyForDeploymentPostprocessing = 0;
		};
/* End PBXResourcesBuildPhase section */

/* Begin PBXSourcesBuildPhase section */
		D0352FFA27D64CE200B348B6 /* Sources */ = {
			isa = PBXSourcesBuildPhase;
			buildActionMask = 2147483647;
			files = (
				D035300827D64CE200B348B6 /* GameScene.swift in Sources */,
				D035300A27D64CE200B348B6 /* GameViewController.swift in Sources */,
				D035300227D64CE200B348B6 /* AppDelegate.swift in Sources */,
			);
			runOnlyForDeploymentPostprocessing = 0;
		};
/* End PBXSourcesBuildPhase section */

/* Begin PBXVariantGroup section */
		D035300B27D64CE200B348B6 /* Main.storyboard */ = {
			isa = PBXVariantGroup;
			children = (
				D035300C27D64CE200B348B6 /* Base */,
			);
			name = Main.storyboard;
			sourceTree = "<group>";
		};
		D035301027D64CE300B348B6 /* LaunchScreen.storyboard */ = {
			isa = PBXVariantGroup;
			children = (
				D035301127D64CE300B348B6 /* Base */,
			);
			name = LaunchScreen.storyboard;
			sourceTree = "<group>";
		};
/* End PBXVariantGroup section */

/* Begin XCBuildConfiguration section */
		D035301327D64CE300B348B6 /* Debug */ = {
			isa = XCBuildConfiguration;
			buildSettings = {
				ALWAYS_SEARCH_USER_PATHS = NO;
				CLANG_ANALYZER_NONNULL = YES;
				CLANG_ANALYZER_NUMBER_OBJECT_CONVERSION = YES_AGGRESSIVE;
				CLANG_CXX_LANGUAGE_STANDARD = "gnu++17";
				CLANG_CXX_LIBRARY = "libc++";
				CLANG_ENABLE_MODULES = YES;
				CLANG_ENABLE_OBJC_ARC = YES;
				CLANG_ENABLE_OBJC_WEAK = YES;
				CLANG_WARN_BLOCK_CAPTURE_AUTORELEASING = YES;
				CLANG_WARN_BOOL_CONVERSION = YES;
				CLANG_WARN_COMMA = YES;
				CLANG_WARN_CONSTANT_CONVERSION = YES;
				CLANG_WARN_DEPRECATED_OBJC_IMPLEMENTATIONS = YES;
				CLANG_WARN_DIRECT_OBJC_ISA_USAGE = YES_ERROR;
				CLANG_WARN_DOCUMENTATION_COMMENTS = YES;
				CLANG_WARN_EMPTY_BODY = YES;
				CLANG_WARN_ENUM_CONVERSION = YES;
				CLANG_WARN_INFINITE_RECURSION = YES;
				CLANG_WARN_INT_CONVERSION = YES;
				CLANG_WARN_NON_LITERAL_NULL_CONVERSION = YES;
				CLANG_WARN_OBJC_IMPLICIT_RETAIN_SELF = YES;
				CLANG_WARN_OBJC_LITERAL_CONVERSION = YES;
				CLANG_WARN_OBJC_ROOT_CLASS = YES_ERROR;
				CLANG_WARN_QUOTED_INCLUDE_IN_FRAMEWORK_HEADER = YES;
				CLANG_WARN_RANGE_LOOP_ANALYSIS = YES;
				CLANG_WARN_STRICT_PROTOTYPES = YES;
				CLANG_WARN_SUSPICIOUS_MOVE = YES;
				CLANG_WARN_UNGUARDED_AVAILABILITY = YES_AGGRESSIVE;
				CLANG_WARN_UNREACHABLE_CODE = YES;
				CLANG_WARN__DUPLICATE_METHOD_MATCH = YES;
				COPY_PHASE_STRIP = NO;
				DEBUG_INFORMATION_FORMAT = dwarf;
				ENABLE_STRICT_OBJC_MSGSEND = YES;
				ENABLE_TESTABILITY = YES;
				GCC_C_LANGUAGE_STANDARD = gnu11;
				GCC_DYNAMIC_NO_PIC = NO;
				GCC_NO_COMMON_BLOCKS = YES;
				GCC_OPTIMIZATION_LEVEL = 0;
				GCC_PREPROCESSOR_DEFINITIONS = (
					"DEBUG=1",
					"$(inherited)",
				);
				GCC_WARN_64_TO_32_BIT_CONVERSION = YES;
				GCC_WARN_ABOUT_RETURN_TYPE = YES_ERROR;
				GCC_WARN_UNDECLARED_SELECTOR = YES;
				GCC_WARN_UNINITIALIZED_AUTOS = YES_AGGRESSIVE;
				GCC_WARN_UNUSED_FUNCTION = YES;
				GCC_WARN_UNUSED_VARIABLE = YES;
				IPHONEOS_DEPLOYMENT_TARGET = 15.2;
				MTL_ENABLE_DEBUG_INFO = INCLUDE_SOURCE;
				MTL_FAST_MATH = YES;
				ONLY_ACTIVE_ARCH = YES;
				SDKROOT = iphoneos;
				SWIFT_ACTIVE_COMPILATION_CONDITIONS = DEBUG;
				SWIFT_OPTIMIZATION_LEVEL = "-Onone";
			};
			name = Debug;
		};
		D035301427D64CE300B348B6 /* Release */ = {
			isa = XCBuildConfiguration;
			buildSettings = {
				ALWAYS_SEARCH_USER_PATHS = NO;
				CLANG_ANALYZER_NONNULL = YES;
				CLANG_ANALYZER_NUMBER_OBJECT_CONVERSION = YES_AGGRESSIVE;
				CLANG_CXX_LANGUAGE_STANDARD = "gnu++17";
				CLANG_CXX_LIBRARY = "libc++";
				CLANG_ENABLE_MODULES = YES;
				CLANG_ENABLE_OBJC_ARC = YES;
				CLANG_ENABLE_OBJC_WEAK = YES;
				CLANG_WARN_BLOCK_CAPTURE_AUTORELEASING = YES;
				CLANG_WARN_BOOL_CONVERSION = YES;
				CLANG_WARN_COMMA = YES;
				CLANG_WARN_CONSTANT_CONVERSION = YES;
				CLANG_WARN_DEPRECATED_OBJC_IMPLEMENTATIONS = YES;
				CLANG_WARN_DIRECT_OBJC_ISA_USAGE = YES_ERROR;
				CLANG_WARN_DOCUMENTATION_COMMENTS = YES;
				CLANG_WARN_EMPTY_BODY = YES;
				CLANG_WARN_ENUM_CONVERSION = YES;
				CLANG_WARN_INFINITE_RECURSION = YES;
				CLANG_WARN_INT_CONVERSION = YES;
				CLANG_WARN_NON_LITERAL_NULL_CONVERSION = YES;
				CLANG_WARN_OBJC_IMPLICIT_RETAIN_SELF = YES;
				CLANG_WARN_OBJC_LITERAL_CONVERSION = YES;
				CLANG_WARN_OBJC_ROOT_CLASS = YES_ERROR;
				CLANG_WARN_QUOTED_INCLUDE_IN_FRAMEWORK_HEADER = YES;
				CLANG_WARN_RANGE_LOOP_ANALYSIS = YES;
				CLANG_WARN_STRICT_PROTOTYPES = YES;
				CLANG_WARN_SUSPICIOUS_MOVE = YES;
				CLANG_WARN_UNGUARDED_AVAILABILITY = YES_AGGRESSIVE;
				CLANG_WARN_UNREACHABLE_CODE = YES;
				CLANG_WARN__DUPLICATE_METHOD_MATCH = YES;
				COPY_PHASE_STRIP = NO;
				DEBUG_INFORMATION_FORMAT = "dwarf-with-dsym";
				ENABLE_NS_ASSERTIONS = NO;
				ENABLE_STRICT_OBJC_MSGSEND = YES;
				GCC_C_LANGUAGE_STANDARD = gnu11;
				GCC_NO_COMMON_BLOCKS = YES;
				GCC_WARN_64_TO_32_BIT_CONVERSION = YES;
				GCC_WARN_ABOUT_RETURN_TYPE = YES_ERROR;
				GCC_WARN_UNDECLARED_SELECTOR = YES;
				GCC_WARN_UNINITIALIZED_AUTOS = YES_AGGRESSIVE;
				GCC_WARN_UNUSED_FUNCTION = YES;
				GCC_WARN_UNUSED_VARIABLE = YES;
				IPHONEOS_DEPLOYMENT_TARGET = 15.2;
				MTL_ENABLE_DEBUG_INFO = NO;
				MTL_FAST_MATH = YES;
				SDKROOT = iphoneos;
				SWIFT_COMPILATION_MODE = wholemodule;
				SWIFT_OPTIMIZATION_LEVEL = "-O";
				VALIDATE_PRODUCT = YES;
			};
			name = Release;
		};
		D035301627D64CE300B348B6 /* Debug */ = {
			isa = XCBuildConfiguration;
			buildSettings = {
				ASSETCATALOG_COMPILER_APPICON_NAME = AppIcon;
				ASSETCATALOG_COMPILER_GLOBAL_ACCENT_COLOR_NAME = AccentColor;
				CODE_SIGN_STYLE = Automatic;
				CURRENT_PROJECT_VERSION = 1;
				DEVELOPMENT_TEAM = G363Z4V6NY;
				GENERATE_INFOPLIST_FILE = YES;
				INFOPLIST_KEY_UIApplicationSupportsIndirectInputEvents = YES;
				INFOPLIST_KEY_UILaunchStoryboardName = LaunchScreen;
				INFOPLIST_KEY_UIMainStoryboardFile = Main;
				INFOPLIST_KEY_UIStatusBarHidden = YES;
				INFOPLIST_KEY_UISupportedInterfaceOrientations_iPad = "UIInterfaceOrientationPortrait UIInterfaceOrientationPortraitUpsideDown UIInterfaceOrientationLandscapeLeft UIInterfaceOrientationLandscapeRight";
				INFOPLIST_KEY_UISupportedInterfaceOrientations_iPhone = "UIInterfaceOrientationPortrait UIInterfaceOrientationLandscapeLeft UIInterfaceOrientationLandscapeRight";
				LD_RUNPATH_SEARCH_PATHS = (
					"$(inherited)",
					"@executable_path/Frameworks",
				);
				MARKETING_VERSION = 1.0;
				PRODUCT_BUNDLE_IDENTIFIER = com.uniqueimaginate.Project11;
				PRODUCT_NAME = "$(TARGET_NAME)";
				SWIFT_EMIT_LOC_STRINGS = YES;
				SWIFT_VERSION = 5.0;
				TARGETED_DEVICE_FAMILY = 2;
			};
			name = Debug;
		};
		D035301727D64CE300B348B6 /* Release */ = {
			isa = XCBuildConfiguration;
			buildSettings = {
				ASSETCATALOG_COMPILER_APPICON_NAME = AppIcon;
				ASSETCATALOG_COMPILER_GLOBAL_ACCENT_COLOR_NAME = AccentColor;
				CODE_SIGN_STYLE = Automatic;
				CURRENT_PROJECT_VERSION = 1;
				DEVELOPMENT_TEAM = G363Z4V6NY;
				GENERATE_INFOPLIST_FILE = YES;
				INFOPLIST_KEY_UIApplicationSupportsIndirectInputEvents = YES;
				INFOPLIST_KEY_UILaunchStoryboardName = LaunchScreen;
				INFOPLIST_KEY_UIMainStoryboardFile = Main;
				INFOPLIST_KEY_UIStatusBarHidden = YES;
				INFOPLIST_KEY_UISupportedInterfaceOrientations_iPad = "UIInterfaceOrientationPortrait UIInterfaceOrientationPortraitUpsideDown UIInterfaceOrientationLandscapeLeft UIInterfaceOrientationLandscapeRight";
				INFOPLIST_KEY_UISupportedInterfaceOrientations_iPhone = "UIInterfaceOrientationPortrait UIInterfaceOrientationLandscapeLeft UIInterfaceOrientationLandscapeRight";
				LD_RUNPATH_SEARCH_PATHS = (
					"$(inherited)",
					"@executable_path/Frameworks",
				);
				MARKETING_VERSION = 1.0;
				PRODUCT_BUNDLE_IDENTIFIER = com.uniqueimaginate.Project11;
				PRODUCT_NAME = "$(TARGET_NAME)";
				SWIFT_EMIT_LOC_STRINGS = YES;
				SWIFT_VERSION = 5.0;
				TARGETED_DEVICE_FAMILY = 2;
			};
			name = Release;
		};
/* End XCBuildConfiguration section */

/* Begin XCConfigurationList section */
		D0352FF927D64CE200B348B6 /* Build configuration list for PBXProject "Project11" */ = {
			isa = XCConfigurationList;
			buildConfigurations = (
				D035301327D64CE300B348B6 /* Debug */,
				D035301427D64CE300B348B6 /* Release */,
			);
			defaultConfigurationIsVisible = 0;
			defaultConfigurationName = Release;
		};
		D035301527D64CE300B348B6 /* Build configuration list for PBXNativeTarget "Project11" */ = {
			isa = XCConfigurationList;
			buildConfigurations = (
				D035301627D64CE300B348B6 /* Debug */,
				D035301727D64CE300B348B6 /* Release */,
			);
			defaultConfigurationIsVisible = 0;
			defaultConfigurationName = Release;
		};
/* End XCConfigurationList section */
	};
	rootObject = D0352FF627D64CE200B348B6 /* Project object */;
}
