// !$*UTF8*$!
{
	archiveVersion = 1;
	classes = {
	};
	objectVersion = 55;
	objects = {

/* Begin PBXBuildFile section */
		D00CDB3627E3408F005E8E3A /* AppDelegate.swift in Sources */ = {isa = PBXBuildFile; fileRef = D00CDB3527E3408F005E8E3A /* AppDelegate.swift */; };
		D00CDB3827E3408F005E8E3A /* SceneDelegate.swift in Sources */ = {isa = PBXBuildFile; fileRef = D00CDB3727E3408F005E8E3A /* SceneDelegate.swift */; };
		D00CDB3A27E3408F005E8E3A /* ViewController.swift in Sources */ = {isa = PBXBuildFile; fileRef = D00CDB3927E3408F005E8E3A /* ViewController.swift */; };
		D00CDB3D27E3408F005E8E3A /* Main.storyboard in Resources */ = {isa = PBXBuildFile; fileRef = D00CDB3B27E3408F005E8E3A /* Main.storyboard */; };
		D00CDB3F27E34090005E8E3A /* Assets.xcassets in Resources */ = {isa = PBXBuildFile; fileRef = D00CDB3E27E34090005E8E3A /* Assets.xcassets */; };
		D00CDB4227E34090005E8E3A /* LaunchScreen.storyboard in Resources */ = {isa = PBXBuildFile; fileRef = D00CDB4027E34090005E8E3A /* LaunchScreen.storyboard */; };
		D00CDB5027E341A0005E8E3A /* UniformTypeIdentifiers.framework in Frameworks */ = {isa = PBXBuildFile; fileRef = D00CDB4F27E341A0005E8E3A /* UniformTypeIdentifiers.framework */; };
		D00CDB5327E341A0005E8E3A /* Media.xcassets in Resources */ = {isa = PBXBuildFile; fileRef = D00CDB5227E341A0005E8E3A /* Media.xcassets */; };
		D00CDB5527E341A0005E8E3A /* ActionViewController.swift in Sources */ = {isa = PBXBuildFile; fileRef = D00CDB5427E341A0005E8E3A /* ActionViewController.swift */; };
		D00CDB5827E341A0005E8E3A /* MainInterface.storyboard in Resources */ = {isa = PBXBuildFile; fileRef = D00CDB5627E341A0005E8E3A /* MainInterface.storyboard */; };
		D00CDB5C27E341A0005E8E3A /* Extension.appex in Embed App Extensions */ = {isa = PBXBuildFile; fileRef = D00CDB4D27E341A0005E8E3A /* Extension.appex */; settings = {ATTRIBUTES = (RemoveHeadersOnCopy, ); }; };
		D00CDB6227E3453D005E8E3A /* Action.js in Resources */ = {isa = PBXBuildFile; fileRef = D00CDB6127E3453D005E8E3A /* Action.js */; };
/* End PBXBuildFile section */

/* Begin PBXContainerItemProxy section */
		D00CDB5A27E341A0005E8E3A /* PBXContainerItemProxy */ = {
			isa = PBXContainerItemProxy;
			containerPortal = D00CDB2A27E3408F005E8E3A /* Project object */;
			proxyType = 1;
			remoteGlobalIDString = D00CDB4C27E341A0005E8E3A;
			remoteInfo = Extension;
		};
/* End PBXContainerItemProxy section */

/* Begin PBXCopyFilesBuildPhase section */
		D00CDB6027E341A0005E8E3A /* Embed App Extensions */ = {
			isa = PBXCopyFilesBuildPhase;
			buildActionMask = 2147483647;
			dstPath = "";
			dstSubfolderSpec = 13;
			files = (
				D00CDB5C27E341A0005E8E3A /* Extension.appex in Embed App Extensions */,
			);
			name = "Embed App Extensions";
			runOnlyForDeploymentPostprocessing = 0;
		};
/* End PBXCopyFilesBuildPhase section */

/* Begin PBXFileReference section */
		D00CDB3227E3408F005E8E3A /* Project19.app */ = {isa = PBXFileReference; explicitFileType = wrapper.application; includeInIndex = 0; path = Project19.app; sourceTree = BUILT_PRODUCTS_DIR; };
		D00CDB3527E3408F005E8E3A /* AppDelegate.swift */ = {isa = PBXFileReference; lastKnownFileType = sourcecode.swift; path = AppDelegate.swift; sourceTree = "<group>"; };
		D00CDB3727E3408F005E8E3A /* SceneDelegate.swift */ = {isa = PBXFileReference; lastKnownFileType = sourcecode.swift; path = SceneDelegate.swift; sourceTree = "<group>"; };
		D00CDB3927E3408F005E8E3A /* ViewController.swift */ = {isa = PBXFileReference; lastKnownFileType = sourcecode.swift; path = ViewController.swift; sourceTree = "<group>"; };
		D00CDB3C27E3408F005E8E3A /* Base */ = {isa = PBXFileReference; lastKnownFileType = file.storyboard; name = Base; path = Base.lproj/Main.storyboard; sourceTree = "<group>"; };
		D00CDB3E27E34090005E8E3A /* Assets.xcassets */ = {isa = PBXFileReference; lastKnownFileType = folder.assetcatalog; path = Assets.xcassets; sourceTree = "<group>"; };
		D00CDB4127E34090005E8E3A /* Base */ = {isa = PBXFileReference; lastKnownFileType = file.storyboard; name = Base; path = Base.lproj/LaunchScreen.storyboard; sourceTree = "<group>"; };
		D00CDB4327E34090005E8E3A /* Info.plist */ = {isa = PBXFileReference; lastKnownFileType = text.plist.xml; path = Info.plist; sourceTree = "<group>"; };
		D00CDB4D27E341A0005E8E3A /* Extension.appex */ = {isa = PBXFileReference; explicitFileType = "wrapper.app-extension"; includeInIndex = 0; path = Extension.appex; sourceTree = BUILT_PRODUCTS_DIR; };
		D00CDB4F27E341A0005E8E3A /* UniformTypeIdentifiers.framework */ = {isa = PBXFileReference; lastKnownFileType = wrapper.framework; name = UniformTypeIdentifiers.framework; path = System/Library/Frameworks/UniformTypeIdentifiers.framework; sourceTree = SDKROOT; };
		D00CDB5227E341A0005E8E3A /* Media.xcassets */ = {isa = PBXFileReference; lastKnownFileType = folder.assetcatalog; path = Media.xcassets; sourceTree = "<group>"; };
		D00CDB5427E341A0005E8E3A /* ActionViewController.swift */ = {isa = PBXFileReference; lastKnownFileType = sourcecode.swift; path = ActionViewController.swift; sourceTree = "<group>"; };
		D00CDB5727E341A0005E8E3A /* Base */ = {isa = PBXFileReference; lastKnownFileType = file.storyboard; name = Base; path = Base.lproj/MainInterface.storyboard; sourceTree = "<group>"; };
		D00CDB5927E341A0005E8E3A /* Info.plist */ = {isa = PBXFileReference; lastKnownFileType = text.plist.xml; path = Info.plist; sourceTree = "<group>"; };
		D00CDB6127E3453D005E8E3A /* Action.js */ = {isa = PBXFileReference; lastKnownFileType = sourcecode.javascript; path = Action.js; sourceTree = "<group>"; };
/* End PBXFileReference section */

/* Begin PBXFrameworksBuildPhase section */
		D00CDB2F27E3408F005E8E3A /* Frameworks */ = {
			isa = PBXFrameworksBuildPhase;
			buildActionMask = 2147483647;
			files = (
			);
			runOnlyForDeploymentPostprocessing = 0;
		};
		D00CDB4A27E341A0005E8E3A /* Frameworks */ = {
			isa = PBXFrameworksBuildPhase;
			buildActionMask = 2147483647;
			files = (
				D00CDB5027E341A0005E8E3A /* UniformTypeIdentifiers.framework in Frameworks */,
			);
			runOnlyForDeploymentPostprocessing = 0;
		};
/* End PBXFrameworksBuildPhase section */

/* Begin PBXGroup section */
		D00CDB2927E3408F005E8E3A = {
			isa = PBXGroup;
			children = (
				D00CDB3427E3408F005E8E3A /* Project19 */,
				D00CDB5127E341A0005E8E3A /* Extension */,
				D00CDB4E27E341A0005E8E3A /* Frameworks */,
				D00CDB3327E3408F005E8E3A /* Products */,
			);
			sourceTree = "<group>";
		};
		D00CDB3327E3408F005E8E3A /* Products */ = {
			isa = PBXGroup;
			children = (
				D00CDB3227E3408F005E8E3A /* Project19.app */,
				D00CDB4D27E341A0005E8E3A /* Extension.appex */,
			);
			name = Products;
			sourceTree = "<group>";
		};
		D00CDB3427E3408F005E8E3A /* Project19 */ = {
			isa = PBXGroup;
			children = (
				D00CDB3527E3408F005E8E3A /* AppDelegate.swift */,
				D00CDB3727E3408F005E8E3A /* SceneDelegate.swift */,
				D00CDB3927E3408F005E8E3A /* ViewController.swift */,
				D00CDB3B27E3408F005E8E3A /* Main.storyboard */,
				D00CDB3E27E34090005E8E3A /* Assets.xcassets */,
				D00CDB4027E34090005E8E3A /* LaunchScreen.storyboard */,
				D00CDB4327E34090005E8E3A /* Info.plist */,
			);
			path = Project19;
			sourceTree = "<group>";
		};
		D00CDB4E27E341A0005E8E3A /* Frameworks */ = {
			isa = PBXGroup;
			children = (
				D00CDB4F27E341A0005E8E3A /* UniformTypeIdentifiers.framework */,
			);
			name = Frameworks;
			sourceTree = "<group>";
		};
		D00CDB5127E341A0005E8E3A /* Extension */ = {
			isa = PBXGroup;
			children = (
				D00CDB5227E341A0005E8E3A /* Media.xcassets */,
				D00CDB5427E341A0005E8E3A /* ActionViewController.swift */,
				D00CDB5627E341A0005E8E3A /* MainInterface.storyboard */,
				D00CDB5927E341A0005E8E3A /* Info.plist */,
				D00CDB6127E3453D005E8E3A /* Action.js */,
			);
			path = Extension;
			sourceTree = "<group>";
		};
/* End PBXGroup section */

/* Begin PBXNativeTarget section */
		D00CDB3127E3408F005E8E3A /* Project19 */ = {
			isa = PBXNativeTarget;
			buildConfigurationList = D00CDB4627E34090005E8E3A /* Build configuration list for PBXNativeTarget "Project19" */;
			buildPhases = (
				D00CDB2E27E3408F005E8E3A /* Sources */,
				D00CDB2F27E3408F005E8E3A /* Frameworks */,
				D00CDB3027E3408F005E8E3A /* Resources */,
				D00CDB6027E341A0005E8E3A /* Embed App Extensions */,
			);
			buildRules = (
			);
			dependencies = (
				D00CDB5B27E341A0005E8E3A /* PBXTargetDependency */,
			);
			name = Project19;
			productName = Project19;
			productReference = D00CDB3227E3408F005E8E3A /* Project19.app */;
			productType = "com.apple.product-type.application";
		};
		D00CDB4C27E341A0005E8E3A /* Extension */ = {
			isa = PBXNativeTarget;
			buildConfigurationList = D00CDB5D27E341A0005E8E3A /* Build configuration list for PBXNativeTarget "Extension" */;
			buildPhases = (
				D00CDB4927E341A0005E8E3A /* Sources */,
				D00CDB4A27E341A0005E8E3A /* Frameworks */,
				D00CDB4B27E341A0005E8E3A /* Resources */,
			);
			buildRules = (
			);
			dependencies = (
			);
			name = Extension;
			productName = Extension;
			productReference = D00CDB4D27E341A0005E8E3A /* Extension.appex */;
			productType = "com.apple.product-type.app-extension";
		};
/* End PBXNativeTarget section */

/* Begin PBXProject section */
		D00CDB2A27E3408F005E8E3A /* Project object */ = {
			isa = PBXProject;
			attributes = {
				BuildIndependentTargetsInParallel = 1;
				LastSwiftUpdateCheck = 1330;
				LastUpgradeCheck = 1330;
				TargetAttributes = {
					D00CDB3127E3408F005E8E3A = {
						CreatedOnToolsVersion = 13.3;
					};
					D00CDB4C27E341A0005E8E3A = {
						CreatedOnToolsVersion = 13.3;
					};
				};
			};
			buildConfigurationList = D00CDB2D27E3408F005E8E3A /* Build configuration list for PBXProject "Project19" */;
			compatibilityVersion = "Xcode 13.0";
			developmentRegion = en;
			hasScannedForEncodings = 0;
			knownRegions = (
				en,
				Base,
			);
			mainGroup = D00CDB2927E3408F005E8E3A;
			productRefGroup = D00CDB3327E3408F005E8E3A /* Products */;
			projectDirPath = "";
			projectRoot = "";
			targets = (
				D00CDB3127E3408F005E8E3A /* Project19 */,
				D00CDB4C27E341A0005E8E3A /* Extension */,
			);
		};
/* End PBXProject section */

/* Begin PBXResourcesBuildPhase section */
		D00CDB3027E3408F005E8E3A /* Resources */ = {
			isa = PBXResourcesBuildPhase;
			buildActionMask = 2147483647;
			files = (
				D00CDB4227E34090005E8E3A /* LaunchScreen.storyboard in Resources */,
				D00CDB3F27E34090005E8E3A /* Assets.xcassets in Resources */,
				D00CDB3D27E3408F005E8E3A /* Main.storyboard in Resources */,
			);
			runOnlyForDeploymentPostprocessing = 0;
		};
		D00CDB4B27E341A0005E8E3A /* Resources */ = {
			isa = PBXResourcesBuildPhase;
			buildActionMask = 2147483647;
			files = (
				D00CDB6227E3453D005E8E3A /* Action.js in Resources */,
				D00CDB5327E341A0005E8E3A /* Media.xcassets in Resources */,
				D00CDB5827E341A0005E8E3A /* MainInterface.storyboard in Resources */,
			);
			runOnlyForDeploymentPostprocessing = 0;
		};
/* End PBXResourcesBuildPhase section */

/* Begin PBXSourcesBuildPhase section */
		D00CDB2E27E3408F005E8E3A /* Sources */ = {
			isa = PBXSourcesBuildPhase;
			buildActionMask = 2147483647;
			files = (
				D00CDB3A27E3408F005E8E3A /* ViewController.swift in Sources */,
				D00CDB3627E3408F005E8E3A /* AppDelegate.swift in Sources */,
				D00CDB3827E3408F005E8E3A /* SceneDelegate.swift in Sources */,
			);
			runOnlyForDeploymentPostprocessing = 0;
		};
		D00CDB4927E341A0005E8E3A /* Sources */ = {
			isa = PBXSourcesBuildPhase;
			buildActionMask = 2147483647;
			files = (
				D00CDB5527E341A0005E8E3A /* ActionViewController.swift in Sources */,
			);
			runOnlyForDeploymentPostprocessing = 0;
		};
/* End PBXSourcesBuildPhase section */

/* Begin PBXTargetDependency section */
		D00CDB5B27E341A0005E8E3A /* PBXTargetDependency */ = {
			isa = PBXTargetDependency;
			target = D00CDB4C27E341A0005E8E3A /* Extension */;
			targetProxy = D00CDB5A27E341A0005E8E3A /* PBXContainerItemProxy */;
		};
/* End PBXTargetDependency section */

/* Begin PBXVariantGroup section */
		D00CDB3B27E3408F005E8E3A /* Main.storyboard */ = {
			isa = PBXVariantGroup;
			children = (
				D00CDB3C27E3408F005E8E3A /* Base */,
			);
			name = Main.storyboard;
			sourceTree = "<group>";
		};
		D00CDB4027E34090005E8E3A /* LaunchScreen.storyboard */ = {
			isa = PBXVariantGroup;
			children = (
				D00CDB4127E34090005E8E3A /* Base */,
			);
			name = LaunchScreen.storyboard;
			sourceTree = "<group>";
		};
		D00CDB5627E341A0005E8E3A /* MainInterface.storyboard */ = {
			isa = PBXVariantGroup;
			children = (
				D00CDB5727E341A0005E8E3A /* Base */,
			);
			name = MainInterface.storyboard;
			sourceTree = "<group>";
		};
/* End PBXVariantGroup section */

/* Begin XCBuildConfiguration section */
		D00CDB4427E34090005E8E3A /* Debug */ = {
			isa = XCBuildConfiguration;
			buildSettings = {
				ALWAYS_SEARCH_USER_PATHS = NO;
				CLANG_ANALYZER_NONNULL = YES;
				CLANG_ANALYZER_NUMBER_OBJECT_CONVERSION = YES_AGGRESSIVE;
				CLANG_CXX_LANGUAGE_STANDARD = "gnu++17";
				CLANG_ENABLE_MODULES = YES;
				CLANG_ENABLE_OBJC_ARC = YES;
				CLANG_ENABLE_OBJC_WEAK = YES;
				CLANG_WARN_BLOCK_CAPTURE_AUTORELEASING = YES;
				CLANG_WARN_BOOL_CONVERSION = YES;
				CLANG_WARN_COMMA = YES;
				CLANG_WARN_CONSTANT_CONVERSION = YES;
				CLANG_WARN_DEPRECATED_OBJC_IMPLEMENTATIONS = YES;
				CLANG_WARN_DIRECT_OBJC_ISA_USAGE = YES_ERROR;
				CLANG_WARN_DOCUMENTATION_COMMENTS = YES;
				CLANG_WARN_EMPTY_BODY = YES;
				CLANG_WARN_ENUM_CONVERSION = YES;
				CLANG_WARN_INFINITE_RECURSION = YES;
				CLANG_WARN_INT_CONVERSION = YES;
				CLANG_WARN_NON_LITERAL_NULL_CONVERSION = YES;
				CLANG_WARN_OBJC_IMPLICIT_RETAIN_SELF = YES;
				CLANG_WARN_OBJC_LITERAL_CONVERSION = YES;
				CLANG_WARN_OBJC_ROOT_CLASS = YES_ERROR;
				CLANG_WARN_QUOTED_INCLUDE_IN_FRAMEWORK_HEADER = YES;
				CLANG_WARN_RANGE_LOOP_ANALYSIS = YES;
				CLANG_WARN_STRICT_PROTOTYPES = YES;
				CLANG_WARN_SUSPICIOUS_MOVE = YES;
				CLANG_WARN_UNGUARDED_AVAILABILITY = YES_AGGRESSIVE;
				CLANG_WARN_UNREACHABLE_CODE = YES;
				CLANG_WARN__DUPLICATE_METHOD_MATCH = YES;
				COPY_PHASE_STRIP = NO;
				DEBUG_INFORMATION_FORMAT = dwarf;
				ENABLE_STRICT_OBJC_MSGSEND = YES;
				ENABLE_TESTABILITY = YES;
				GCC_C_LANGUAGE_STANDARD = gnu11;
				GCC_DYNAMIC_NO_PIC = NO;
				GCC_NO_COMMON_BLOCKS = YES;
				GCC_OPTIMIZATION_LEVEL = 0;
				GCC_PREPROCESSOR_DEFINITIONS = (
					"DEBUG=1",
					"$(inherited)",
				);
				GCC_WARN_64_TO_32_BIT_CONVERSION = YES;
				GCC_WARN_ABOUT_RETURN_TYPE = YES_ERROR;
				GCC_WARN_UNDECLARED_SELECTOR = YES;
				GCC_WARN_UNINITIALIZED_AUTOS = YES_AGGRESSIVE;
				GCC_WARN_UNUSED_FUNCTION = YES;
				GCC_WARN_UNUSED_VARIABLE = YES;
				IPHONEOS_DEPLOYMENT_TARGET = 15.4;
				MTL_ENABLE_DEBUG_INFO = INCLUDE_SOURCE;
				MTL_FAST_MATH = YES;
				ONLY_ACTIVE_ARCH = YES;
				SDKROOT = iphoneos;
				SWIFT_ACTIVE_COMPILATION_CONDITIONS = DEBUG;
				SWIFT_OPTIMIZATION_LEVEL = "-Onone";
			};
			name = Debug;
		};
		D00CDB4527E34090005E8E3A /* Release */ = {
			isa = XCBuildConfiguration;
			buildSettings = {
				ALWAYS_SEARCH_USER_PATHS = NO;
				CLANG_ANALYZER_NONNULL = YES;
				CLANG_ANALYZER_NUMBER_OBJECT_CONVERSION = YES_AGGRESSIVE;
				CLANG_CXX_LANGUAGE_STANDARD = "gnu++17";
				CLANG_ENABLE_MODULES = YES;
				CLANG_ENABLE_OBJC_ARC = YES;
				CLANG_ENABLE_OBJC_WEAK = YES;
				CLANG_WARN_BLOCK_CAPTURE_AUTORELEASING = YES;
				CLANG_WARN_BOOL_CONVERSION = YES;
				CLANG_WARN_COMMA = YES;
				CLANG_WARN_CONSTANT_CONVERSION = YES;
				CLANG_WARN_DEPRECATED_OBJC_IMPLEMENTATIONS = YES;
				CLANG_WARN_DIRECT_OBJC_ISA_USAGE = YES_ERROR;
				CLANG_WARN_DOCUMENTATION_COMMENTS = YES;
				CLANG_WARN_EMPTY_BODY = YES;
				CLANG_WARN_ENUM_CONVERSION = YES;
				CLANG_WARN_INFINITE_RECURSION = YES;
				CLANG_WARN_INT_CONVERSION = YES;
				CLANG_WARN_NON_LITERAL_NULL_CONVERSION = YES;
				CLANG_WARN_OBJC_IMPLICIT_RETAIN_SELF = YES;
				CLANG_WARN_OBJC_LITERAL_CONVERSION = YES;
				CLANG_WARN_OBJC_ROOT_CLASS = YES_ERROR;
				CLANG_WARN_QUOTED_INCLUDE_IN_FRAMEWORK_HEADER = YES;
				CLANG_WARN_RANGE_LOOP_ANALYSIS = YES;
				CLANG_WARN_STRICT_PROTOTYPES = YES;
				CLANG_WARN_SUSPICIOUS_MOVE = YES;
				CLANG_WARN_UNGUARDED_AVAILABILITY = YES_AGGRESSIVE;
				CLANG_WARN_UNREACHABLE_CODE = YES;
				CLANG_WARN__DUPLICATE_METHOD_MATCH = YES;
				COPY_PHASE_STRIP = NO;
				DEBUG_INFORMATION_FORMAT = "dwarf-with-dsym";
				ENABLE_NS_ASSERTIONS = NO;
				ENABLE_STRICT_OBJC_MSGSEND = YES;
				GCC_C_LANGUAGE_STANDARD = gnu11;
				GCC_NO_COMMON_BLOCKS = YES;
				GCC_WARN_64_TO_32_BIT_CONVERSION = YES;
				GCC_WARN_ABOUT_RETURN_TYPE = YES_ERROR;
				GCC_WARN_UNDECLARED_SELECTOR = YES;
				GCC_WARN_UNINITIALIZED_AUTOS = YES_AGGRESSIVE;
				GCC_WARN_UNUSED_FUNCTION = YES;
				GCC_WARN_UNUSED_VARIABLE = YES;
				IPHONEOS_DEPLOYMENT_TARGET = 15.4;
				MTL_ENABLE_DEBUG_INFO = NO;
				MTL_FAST_MATH = YES;
				SDKROOT = iphoneos;
				SWIFT_COMPILATION_MODE = wholemodule;
				SWIFT_OPTIMIZATION_LEVEL = "-O";
				VALIDATE_PRODUCT = YES;
			};
			name = Release;
		};
		D00CDB4727E34090005E8E3A /* Debug */ = {
			isa = XCBuildConfiguration;
			buildSettings = {
				ALWAYS_EMBED_SWIFT_STANDARD_LIBRARIES = YES;
				ASSETCATALOG_COMPILER_APPICON_NAME = AppIcon;
				ASSETCATALOG_COMPILER_GLOBAL_ACCENT_COLOR_NAME = AccentColor;
				CODE_SIGN_STYLE = Automatic;
				CURRENT_PROJECT_VERSION = 1;
				DEVELOPMENT_TEAM = G363Z4V6NY;
				GENERATE_INFOPLIST_FILE = YES;
				INFOPLIST_FILE = Project19/Info.plist;
				INFOPLIST_KEY_UIApplicationSupportsIndirectInputEvents = YES;
				INFOPLIST_KEY_UILaunchStoryboardName = LaunchScreen;
				INFOPLIST_KEY_UIMainStoryboardFile = Main;
				INFOPLIST_KEY_UISupportedInterfaceOrientations_iPad = "UIInterfaceOrientationPortrait UIInterfaceOrientationPortraitUpsideDown UIInterfaceOrientationLandscapeLeft UIInterfaceOrientationLandscapeRight";
				INFOPLIST_KEY_UISupportedInterfaceOrientations_iPhone = "UIInterfaceOrientationPortrait UIInterfaceOrientationLandscapeLeft UIInterfaceOrientationLandscapeRight";
				LD_RUNPATH_SEARCH_PATHS = (
					"$(inherited)",
					"@executable_path/Frameworks",
				);
				MARKETING_VERSION = 1.0;
				PRODUCT_BUNDLE_IDENTIFIER = com.uniqueimaginate.Project19;
				PRODUCT_NAME = "$(TARGET_NAME)";
				SWIFT_EMIT_LOC_STRINGS = YES;
				SWIFT_VERSION = 5.0;
				TARGETED_DEVICE_FAMILY = "1,2";
			};
			name = Debug;
		};
		D00CDB4827E34090005E8E3A /* Release */ = {
			isa = XCBuildConfiguration;
			buildSettings = {
				ALWAYS_EMBED_SWIFT_STANDARD_LIBRARIES = YES;
				ASSETCATALOG_COMPILER_APPICON_NAME = AppIcon;
				ASSETCATALOG_COMPILER_GLOBAL_ACCENT_COLOR_NAME = AccentColor;
				CODE_SIGN_STYLE = Automatic;
				CURRENT_PROJECT_VERSION = 1;
				DEVELOPMENT_TEAM = G363Z4V6NY;
				GENERATE_INFOPLIST_FILE = YES;
				INFOPLIST_FILE = Project19/Info.plist;
				INFOPLIST_KEY_UIApplicationSupportsIndirectInputEvents = YES;
				INFOPLIST_KEY_UILaunchStoryboardName = LaunchScreen;
				INFOPLIST_KEY_UIMainStoryboardFile = Main;
				INFOPLIST_KEY_UISupportedInterfaceOrientations_iPad = "UIInterfaceOrientationPortrait UIInterfaceOrientationPortraitUpsideDown UIInterfaceOrientationLandscapeLeft UIInterfaceOrientationLandscapeRight";
				INFOPLIST_KEY_UISupportedInterfaceOrientations_iPhone = "UIInterfaceOrientationPortrait UIInterfaceOrientationLandscapeLeft UIInterfaceOrientationLandscapeRight";
				LD_RUNPATH_SEARCH_PATHS = (
					"$(inherited)",
					"@executable_path/Frameworks",
				);
				MARKETING_VERSION = 1.0;
				PRODUCT_BUNDLE_IDENTIFIER = com.uniqueimaginate.Project19;
				PRODUCT_NAME = "$(TARGET_NAME)";
				SWIFT_EMIT_LOC_STRINGS = YES;
				SWIFT_VERSION = 5.0;
				TARGETED_DEVICE_FAMILY = "1,2";
			};
			name = Release;
		};
		D00CDB5E27E341A0005E8E3A /* Debug */ = {
			isa = XCBuildConfiguration;
			buildSettings = {
				CODE_SIGN_STYLE = Automatic;
				CURRENT_PROJECT_VERSION = 1;
				DEVELOPMENT_TEAM = G363Z4V6NY;
				GENERATE_INFOPLIST_FILE = YES;
				INFOPLIST_FILE = Extension/Info.plist;
				INFOPLIST_KEY_CFBundleDisplayName = Extension;
				INFOPLIST_KEY_NSHumanReadableCopyright = "";
				LD_RUNPATH_SEARCH_PATHS = (
					"$(inherited)",
					"@executable_path/Frameworks",
					"@executable_path/../../Frameworks",
				);
				MARKETING_VERSION = 1.0;
				PRODUCT_BUNDLE_IDENTIFIER = com.uniqueimaginate.Project19.Extension;
				PRODUCT_NAME = "$(TARGET_NAME)";
				SKIP_INSTALL = YES;
				SWIFT_EMIT_LOC_STRINGS = YES;
				SWIFT_VERSION = 5.0;
				TARGETED_DEVICE_FAMILY = "1,2";
			};
			name = Debug;
		};
		D00CDB5F27E341A0005E8E3A /* Release */ = {
			isa = XCBuildConfiguration;
			buildSettings = {
				CODE_SIGN_STYLE = Automatic;
				CURRENT_PROJECT_VERSION = 1;
				DEVELOPMENT_TEAM = G363Z4V6NY;
				GENERATE_INFOPLIST_FILE = YES;
				INFOPLIST_FILE = Extension/Info.plist;
				INFOPLIST_KEY_CFBundleDisplayName = Extension;
				INFOPLIST_KEY_NSHumanReadableCopyright = "";
				LD_RUNPATH_SEARCH_PATHS = (
					"$(inherited)",
					"@executable_path/Frameworks",
					"@executable_path/../../Frameworks",
				);
				MARKETING_VERSION = 1.0;
				PRODUCT_BUNDLE_IDENTIFIER = com.uniqueimaginate.Project19.Extension;
				PRODUCT_NAME = "$(TARGET_NAME)";
				SKIP_INSTALL = YES;
				SWIFT_EMIT_LOC_STRINGS = YES;
				SWIFT_VERSION = 5.0;
				TARGETED_DEVICE_FAMILY = "1,2";
			};
			name = Release;
		};
/* End XCBuildConfiguration section */

/* Begin XCConfigurationList section */
		D00CDB2D27E3408F005E8E3A /* Build configuration list for PBXProject "Project19" */ = {
			isa = XCConfigurationList;
			buildConfigurations = (
				D00CDB4427E34090005E8E3A /* Debug */,
				D00CDB4527E34090005E8E3A /* Release */,
			);
			defaultConfigurationIsVisible = 0;
			defaultConfigurationName = Release;
		};
		D00CDB4627E34090005E8E3A /* Build configuration list for PBXNativeTarget "Project19" */ = {
			isa = XCConfigurationList;
			buildConfigurations = (
				D00CDB4727E34090005E8E3A /* Debug */,
				D00CDB4827E34090005E8E3A /* Release */,
			);
			defaultConfigurationIsVisible = 0;
			defaultConfigurationName = Release;
		};
		D00CDB5D27E341A0005E8E3A /* Build configuration list for PBXNativeTarget "Extension" */ = {
			isa = XCConfigurationList;
			buildConfigurations = (
				D00CDB5E27E341A0005E8E3A /* Debug */,
				D00CDB5F27E341A0005E8E3A /* Release */,
			);
			defaultConfigurationIsVisible = 0;
			defaultConfigurationName = Release;
		};
/* End XCConfigurationList section */
	};
	rootObject = D00CDB2A27E3408F005E8E3A /* Project object */;
}
